{
  "name": "random-phrases-selfesteem",
  "version": "1.0.0",
  "lockfileVersion": 3,
  "requires": true,
  "packages": {
    "": {
      "name": "random-phrases-selfesteem",
      "version": "1.0.0",
      "license": "MIT",
      "bin": {
        "random-phrases-selfesteem": "bin/global.js"
      }
    }
  }
}
